
Microsoft Visual Studio Solution File, Format Version 12.00
# Visual Studio Version 17
VisualStudioVersion = 17.4.33213.308
MinimumVisualStudioVersion = 10.0.40219.1
Project("{888888A0-9F3D-457C-B088-3A5042F75D52}") = "Ping Pong", "Ping Pong.pyproj", "{030D4604-3ED8-4411-8DE2-E7639CAE8393}"
EndProject
Global
	GlobalSection(SolutionConfigurationPlatforms) = preSolution
		Debug|Any CPU = Debug|Any CPU
		Release|Any CPU = Release|Any CPU
	EndGlobalSection
	GlobalSection(ProjectConfigurationPlatforms) = postSolution
		{030D4604-3ED8-4411-8DE2-E7639CAE8393}.Debug|Any CPU.ActiveCfg = Debug|Any CPU
		{030D4604-3ED8-4411-8DE2-E7639CAE8393}.Release|Any CPU.ActiveCfg = Release|Any CPU
	EndGlobalSection
	GlobalSection(SolutionProperties) = preSolution
		HideSolutionNode = FALSE
	EndGlobalSection
	GlobalSection(ExtensibilityGlobals) = postSolution
		SolutionGuid = {D87517CC-67C0-41B9-90AE-312B2422967C}
	EndGlobalSection
EndGlobal
